// !$*UTF8*$!
{
	archiveVersion = 1;
	classes = {
	};
	objectVersion = 46;
	objects = {

/* Begin PBXBuildFile section */
		D91F126B187F1D1900F45BC3 /* sample_file1.txt in Resources */ = {isa = PBXBuildFile; fileRef = D91F1269187F1D1900F45BC3 /* sample_file1.txt */; };
		D91F126C187F1D1900F45BC3 /* sample_file2.txt in Resources */ = {isa = PBXBuildFile; fileRef = D91F126A187F1D1900F45BC3 /* sample_file2.txt */; };
		D9629273187BD6E600228E81 /* MCManager.m in Sources */ = {isa = PBXBuildFile; fileRef = D9629272187BD6E600228E81 /* MCManager.m */; };
		D9EA8C0F187B1954008031B5 /* Foundation.framework in Frameworks */ = {isa = PBXBuildFile; fileRef = D9EA8C0E187B1954008031B5 /* Foundation.framework */; };
		D9EA8C11187B1954008031B5 /* CoreGraphics.framework in Frameworks */ = {isa = PBXBuildFile; fileRef = D9EA8C10187B1954008031B5 /* CoreGraphics.framework */; };
		D9EA8C13187B1954008031B5 /* UIKit.framework in Frameworks */ = {isa = PBXBuildFile; fileRef = D9EA8C12187B1954008031B5 /* UIKit.framework */; };
		D9EA8C19187B1954008031B5 /* InfoPlist.strings in Resources */ = {isa = PBXBuildFile; fileRef = D9EA8C17187B1954008031B5 /* InfoPlist.strings */; };
		D9EA8C1B187B1954008031B5 /* main.m in Sources */ = {isa = PBXBuildFile; fileRef = D9EA8C1A187B1954008031B5 /* main.m */; };
		D9EA8C1F187B1954008031B5 /* AppDelegate.m in Sources */ = {isa = PBXBuildFile; fileRef = D9EA8C1E187B1954008031B5 /* AppDelegate.m */; };
		D9EA8C22187B1954008031B5 /* Main.storyboard in Resources */ = {isa = PBXBuildFile; fileRef = D9EA8C20187B1954008031B5 /* Main.storyboard */; };
		D9EA8C25187B1954008031B5 /* FirstViewController.m in Sources */ = {isa = PBXBuildFile; fileRef = D9EA8C24187B1954008031B5 /* FirstViewController.m */; };
		D9EA8C28187B1954008031B5 /* SecondViewController.m in Sources */ = {isa = PBXBuildFile; fileRef = D9EA8C27187B1954008031B5 /* SecondViewController.m */; };
		D9EA8C2A187B1954008031B5 /* Images.xcassets in Resources */ = {isa = PBXBuildFile; fileRef = D9EA8C29187B1954008031B5 /* Images.xcassets */; };
		D9EA8C31187B1955008031B5 /* XCTest.framework in Frameworks */ = {isa = PBXBuildFile; fileRef = D9EA8C30187B1955008031B5 /* XCTest.framework */; };
		D9EA8C32187B1955008031B5 /* Foundation.framework in Frameworks */ = {isa = PBXBuildFile; fileRef = D9EA8C0E187B1954008031B5 /* Foundation.framework */; };
		D9EA8C33187B1955008031B5 /* UIKit.framework in Frameworks */ = {isa = PBXBuildFile; fileRef = D9EA8C12187B1954008031B5 /* UIKit.framework */; };
		D9EA8C3B187B1955008031B5 /* InfoPlist.strings in Resources */ = {isa = PBXBuildFile; fileRef = D9EA8C39187B1955008031B5 /* InfoPlist.strings */; };
		D9EA8C3D187B1955008031B5 /* MCDemoTests.m in Sources */ = {isa = PBXBuildFile; fileRef = D9EA8C3C187B1955008031B5 /* MCDemoTests.m */; };
		D9EA8C48187B225C008031B5 /* ConnectionsViewController.m in Sources */ = {isa = PBXBuildFile; fileRef = D9EA8C47187B225C008031B5 /* ConnectionsViewController.m */; };
/* End PBXBuildFile section */

/* Begin PBXContainerItemProxy section */
		D9EA8C34187B1955008031B5 /* PBXContainerItemProxy */ = {
			isa = PBXContainerItemProxy;
			containerPortal = D9EA8C03187B1954008031B5 /* Project object */;
			proxyType = 1;
			remoteGlobalIDString = D9EA8C0A187B1954008031B5;
			remoteInfo = MCDemo;
		};
/* End PBXContainerItemProxy section */

/* Begin PBXFileReference section */
		D91F1269187F1D1900F45BC3 /* sample_file1.txt */ = {isa = PBXFileReference; fileEncoding = 4; lastKnownFileType = text; path = sample_file1.txt; sourceTree = "<group>"; };
		D91F126A187F1D1900F45BC3 /* sample_file2.txt */ = {isa = PBXFileReference; fileEncoding = 4; lastKnownFileType = text; path = sample_file2.txt; sourceTree = "<group>"; };
		D9629271187BD6E600228E81 /* MCManager.h */ = {isa = PBXFileReference; fileEncoding = 4; lastKnownFileType = sourcecode.c.h; path = MCManager.h; sourceTree = "<group>"; };
		D9629272187BD6E600228E81 /* MCManager.m */ = {isa = PBXFileReference; fileEncoding = 4; lastKnownFileType = sourcecode.c.objc; path = MCManager.m; sourceTree = "<group>"; };
		D9EA8C0B187B1954008031B5 /* MCDemo.app */ = {isa = PBXFileReference; explicitFileType = wrapper.application; includeInIndex = 0; path = MCDemo.app; sourceTree = BUILT_PRODUCTS_DIR; };
		D9EA8C0E187B1954008031B5 /* Foundation.framework */ = {isa = PBXFileReference; lastKnownFileType = wrapper.framework; name = Foundation.framework; path = System/Library/Frameworks/Foundation.framework; sourceTree = SDKROOT; };
		D9EA8C10187B1954008031B5 /* CoreGraphics.framework */ = {isa = PBXFileReference; lastKnownFileType = wrapper.framework; name = CoreGraphics.framework; path = System/Library/Frameworks/CoreGraphics.framework; sourceTree = SDKROOT; };
		D9EA8C12187B1954008031B5 /* UIKit.framework */ = {isa = PBXFileReference; lastKnownFileType = wrapper.framework; name = UIKit.framework; path = System/Library/Frameworks/UIKit.framework; sourceTree = SDKROOT; };
		D9EA8C16187B1954008031B5 /* MCDemo-Info.plist */ = {isa = PBXFileReference; lastKnownFileType = text.plist.xml; path = "MCDemo-Info.plist"; sourceTree = "<group>"; };
		D9EA8C18187B1954008031B5 /* en */ = {isa = PBXFileReference; lastKnownFileType = text.plist.strings; name = en; path = en.lproj/InfoPlist.strings; sourceTree = "<group>"; };
		D9EA8C1A187B1954008031B5 /* main.m */ = {isa = PBXFileReference; lastKnownFileType = sourcecode.c.objc; path = main.m; sourceTree = "<group>"; };
		D9EA8C1C187B1954008031B5 /* MCDemo-Prefix.pch */ = {isa = PBXFileReference; lastKnownFileType = sourcecode.c.h; path = "MCDemo-Prefix.pch"; sourceTree = "<group>"; };
		D9EA8C1D187B1954008031B5 /* AppDelegate.h */ = {isa = PBXFileReference; lastKnownFileType = sourcecode.c.h; path = AppDelegate.h; sourceTree = "<group>"; };
		D9EA8C1E187B1954008031B5 /* AppDelegate.m */ = {isa = PBXFileReference; lastKnownFileType = sourcecode.c.objc; path = AppDelegate.m; sourceTree = "<group>"; };
		D9EA8C21187B1954008031B5 /* Base */ = {isa = PBXFileReference; lastKnownFileType = file.storyboard; name = Base; path = Base.lproj/Main.storyboard; sourceTree = "<group>"; };
		D9EA8C23187B1954008031B5 /* FirstViewController.h */ = {isa = PBXFileReference; lastKnownFileType = sourcecode.c.h; path = FirstViewController.h; sourceTree = "<group>"; };
		D9EA8C24187B1954008031B5 /* FirstViewController.m */ = {isa = PBXFileReference; lastKnownFileType = sourcecode.c.objc; path = FirstViewController.m; sourceTree = "<group>"; };
		D9EA8C26187B1954008031B5 /* SecondViewController.h */ = {isa = PBXFileReference; lastKnownFileType = sourcecode.c.h; path = SecondViewController.h; sourceTree = "<group>"; };
		D9EA8C27187B1954008031B5 /* SecondViewController.m */ = {isa = PBXFileReference; lastKnownFileType = sourcecode.c.objc; path = SecondViewController.m; sourceTree = "<group>"; };
		D9EA8C29187B1954008031B5 /* Images.xcassets */ = {isa = PBXFileReference; lastKnownFileType = folder.assetcatalog; path = Images.xcassets; sourceTree = "<group>"; };
		D9EA8C2F187B1955008031B5 /* MCDemoTests.xctest */ = {isa = PBXFileReference; explicitFileType = wrapper.cfbundle; includeInIndex = 0; path = MCDemoTests.xctest; sourceTree = BUILT_PRODUCTS_DIR; };
		D9EA8C30187B1955008031B5 /* XCTest.framework */ = {isa = PBXFileReference; lastKnownFileType = wrapper.framework; name = XCTest.framework; path = Library/Frameworks/XCTest.framework; sourceTree = DEVELOPER_DIR; };
		D9EA8C38187B1955008031B5 /* MCDemoTests-Info.plist */ = {isa = PBXFileReference; lastKnownFileType = text.plist.xml; path = "MCDemoTests-Info.plist"; sourceTree = "<group>"; };
		D9EA8C3A187B1955008031B5 /* en */ = {isa = PBXFileReference; lastKnownFileType = text.plist.strings; name = en; path = en.lproj/InfoPlist.strings; sourceTree = "<group>"; };
		D9EA8C3C187B1955008031B5 /* MCDemoTests.m */ = {isa = PBXFileReference; lastKnownFileType = sourcecode.c.objc; path = MCDemoTests.m; sourceTree = "<group>"; };
		D9EA8C46187B225C008031B5 /* ConnectionsViewController.h */ = {isa = PBXFileReference; fileEncoding = 4; lastKnownFileType = sourcecode.c.h; path = ConnectionsViewController.h; sourceTree = "<group>"; };
		D9EA8C47187B225C008031B5 /* ConnectionsViewController.m */ = {isa = PBXFileReference; fileEncoding = 4; lastKnownFileType = sourcecode.c.objc; path = ConnectionsViewController.m; sourceTree = "<group>"; };
/* End PBXFileReference section */

/* Begin PBXFrameworksBuildPhase section */
		D9EA8C08187B1954008031B5 /* Frameworks */ = {
			isa = PBXFrameworksBuildPhase;
			buildActionMask = 2147483647;
			files = (
				D9EA8C11187B1954008031B5 /* CoreGraphics.framework in Frameworks */,
				D9EA8C13187B1954008031B5 /* UIKit.framework in Frameworks */,
				D9EA8C0F187B1954008031B5 /* Foundation.framework in Frameworks */,
			);
			runOnlyForDeploymentPostprocessing = 0;
		};
		D9EA8C2C187B1955008031B5 /* Frameworks */ = {
			isa = PBXFrameworksBuildPhase;
			buildActionMask = 2147483647;
			files = (
				D9EA8C31187B1955008031B5 /* XCTest.framework in Frameworks */,
				D9EA8C33187B1955008031B5 /* UIKit.framework in Frameworks */,
				D9EA8C32187B1955008031B5 /* Foundation.framework in Frameworks */,
			);
			runOnlyForDeploymentPostprocessing = 0;
		};
/* End PBXFrameworksBuildPhase section */

/* Begin PBXGroup section */
		D9EA8C02187B1954008031B5 = {
			isa = PBXGroup;
			children = (
				D9EA8C14187B1954008031B5 /* MCDemo */,
				D9EA8C36187B1955008031B5 /* MCDemoTests */,
				D9EA8C0D187B1954008031B5 /* Frameworks */,
				D9EA8C0C187B1954008031B5 /* Products */,
			);
			sourceTree = "<group>";
		};
		D9EA8C0C187B1954008031B5 /* Products */ = {
			isa = PBXGroup;
			children = (
				D9EA8C0B187B1954008031B5 /* MCDemo.app */,
				D9EA8C2F187B1955008031B5 /* MCDemoTests.xctest */,
			);
			name = Products;
			sourceTree = "<group>";
		};
		D9EA8C0D187B1954008031B5 /* Frameworks */ = {
			isa = PBXGroup;
			children = (
				D9EA8C0E187B1954008031B5 /* Foundation.framework */,
				D9EA8C10187B1954008031B5 /* CoreGraphics.framework */,
				D9EA8C12187B1954008031B5 /* UIKit.framework */,
				D9EA8C30187B1955008031B5 /* XCTest.framework */,
			);
			name = Frameworks;
			sourceTree = "<group>";
		};
		D9EA8C14187B1954008031B5 /* MCDemo */ = {
			isa = PBXGroup;
			children = (
				D9629271187BD6E600228E81 /* MCManager.h */,
				D9629272187BD6E600228E81 /* MCManager.m */,
				D9EA8C1D187B1954008031B5 /* AppDelegate.h */,
				D9EA8C1E187B1954008031B5 /* AppDelegate.m */,
				D9EA8C20187B1954008031B5 /* Main.storyboard */,
				D9EA8C23187B1954008031B5 /* FirstViewController.h */,
				D9EA8C24187B1954008031B5 /* FirstViewController.m */,
				D9EA8C26187B1954008031B5 /* SecondViewController.h */,
				D9EA8C27187B1954008031B5 /* SecondViewController.m */,
				D9EA8C46187B225C008031B5 /* ConnectionsViewController.h */,
				D9EA8C47187B225C008031B5 /* ConnectionsViewController.m */,
				D91F1269187F1D1900F45BC3 /* sample_file1.txt */,
				D91F126A187F1D1900F45BC3 /* sample_file2.txt */,
				D9EA8C29187B1954008031B5 /* Images.xcassets */,
				D9EA8C15187B1954008031B5 /* Supporting Files */,
			);
			path = MCDemo;
			sourceTree = "<group>";
		};
		D9EA8C15187B1954008031B5 /* Supporting Files */ = {
			isa = PBXGroup;
			children = (
				D9EA8C16187B1954008031B5 /* MCDemo-Info.plist */,
				D9EA8C17187B1954008031B5 /* InfoPlist.strings */,
				D9EA8C1A187B1954008031B5 /* main.m */,
				D9EA8C1C187B1954008031B5 /* MCDemo-Prefix.pch */,
			);
			name = "Supporting Files";
			sourceTree = "<group>";
		};
		D9EA8C36187B1955008031B5 /* MCDemoTests */ = {
			isa = PBXGroup;
			children = (
				D9EA8C3C187B1955008031B5 /* MCDemoTests.m */,
				D9EA8C37187B1955008031B5 /* Supporting Files */,
			);
			path = MCDemoTests;
			sourceTree = "<group>";
		};
		D9EA8C37187B1955008031B5 /* Supporting Files */ = {
			isa = PBXGroup;
			children = (
				D9EA8C38187B1955008031B5 /* MCDemoTests-Info.plist */,
				D9EA8C39187B1955008031B5 /* InfoPlist.strings */,
			);
			name = "Supporting Files";
			sourceTree = "<group>";
		};
/* End PBXGroup section */

/* Begin PBXNativeTarget section */
		D9EA8C0A187B1954008031B5 /* MCDemo */ = {
			isa = PBXNativeTarget;
			buildConfigurationList = D9EA8C40187B1955008031B5 /* Build configuration list for PBXNativeTarget "MCDemo" */;
			buildPhases = (
				D9EA8C07187B1954008031B5 /* Sources */,
				D9EA8C08187B1954008031B5 /* Frameworks */,
				D9EA8C09187B1954008031B5 /* Resources */,
			);
			buildRules = (
			);
			dependencies = (
			);
			name = MCDemo;
			productName = MCDemo;
			productReference = D9EA8C0B187B1954008031B5 /* MCDemo.app */;
			productType = "com.apple.product-type.application";
		};
		D9EA8C2E187B1955008031B5 /* MCDemoTests */ = {
			isa = PBXNativeTarget;
			buildConfigurationList = D9EA8C43187B1955008031B5 /* Build configuration list for PBXNativeTarget "MCDemoTests" */;
			buildPhases = (
				D9EA8C2B187B1955008031B5 /* Sources */,
				D9EA8C2C187B1955008031B5 /* Frameworks */,
				D9EA8C2D187B1955008031B5 /* Resources */,
			);
			buildRules = (
			);
			dependencies = (
				D9EA8C35187B1955008031B5 /* PBXTargetDependency */,
			);
			name = MCDemoTests;
			productName = MCDemoTests;
			productReference = D9EA8C2F187B1955008031B5 /* MCDemoTests.xctest */;
			productType = "com.apple.product-type.bundle.unit-test";
		};
/* End PBXNativeTarget section */

/* Begin PBXProject section */
		D9EA8C03187B1954008031B5 /* Project object */ = {
			isa = PBXProject;
			attributes = {
				LastUpgradeCheck = 0500;
				ORGANIZATIONNAME = Appcoda;
				TargetAttributes = {
					D9EA8C2E187B1955008031B5 = {
						TestTargetID = D9EA8C0A187B1954008031B5;
					};
				};
			};
			buildConfigurationList = D9EA8C06187B1954008031B5 /* Build configuration list for PBXProject "MCDemo" */;
			compatibilityVersion = "Xcode 3.2";
			developmentRegion = English;
			hasScannedForEncodings = 0;
			knownRegions = (
				en,
				Base,
			);
			mainGroup = D9EA8C02187B1954008031B5;
			productRefGroup = D9EA8C0C187B1954008031B5 /* Products */;
			projectDirPath = "";
			projectRoot = "";
			targets = (
				D9EA8C0A187B1954008031B5 /* MCDemo */,
				D9EA8C2E187B1955008031B5 /* MCDemoTests */,
			);
		};
/* End PBXProject section */

/* Begin PBXResourcesBuildPhase section */
		D9EA8C09187B1954008031B5 /* Resources */ = {
			isa = PBXResourcesBuildPhase;
			buildActionMask = 2147483647;
			files = (
				D91F126C187F1D1900F45BC3 /* sample_file2.txt in Resources */,
				D91F126B187F1D1900F45BC3 /* sample_file1.txt in Resources */,
				D9EA8C2A187B1954008031B5 /* Images.xcassets in Resources */,
				D9EA8C19187B1954008031B5 /* InfoPlist.strings in Resources */,
				D9EA8C22187B1954008031B5 /* Main.storyboard in Resources */,
			);
			runOnlyForDeploymentPostprocessing = 0;
		};
		D9EA8C2D187B1955008031B5 /* Resources */ = {
			isa = PBXResourcesBuildPhase;
			buildActionMask = 2147483647;
			files = (
				D9EA8C3B187B1955008031B5 /* InfoPlist.strings in Resources */,
			);
			runOnlyForDeploymentPostprocessing = 0;
		};
/* End PBXResourcesBuildPhase section */

/* Begin PBXSourcesBuildPhase section */
		D9EA8C07187B1954008031B5 /* Sources */ = {
			isa = PBXSourcesBuildPhase;
			buildActionMask = 2147483647;
			files = (
				D9EA8C48187B225C008031B5 /* ConnectionsViewController.m in Sources */,
				D9629273187BD6E600228E81 /* MCManager.m in Sources */,
				D9EA8C28187B1954008031B5 /* SecondViewController.m in Sources */,
				D9EA8C1F187B1954008031B5 /* AppDelegate.m in Sources */,
				D9EA8C25187B1954008031B5 /* FirstViewController.m in Sources */,
				D9EA8C1B187B1954008031B5 /* main.m in Sources */,
			);
			runOnlyForDeploymentPostprocessing = 0;
		};
		D9EA8C2B187B1955008031B5 /* Sources */ = {
			isa = PBXSourcesBuildPhase;
			buildActionMask = 2147483647;
			files = (
				D9EA8C3D187B1955008031B5 /* MCDemoTests.m in Sources */,
			);
			runOnlyForDeploymentPostprocessing = 0;
		};
/* End PBXSourcesBuildPhase section */

/* Begin PBXTargetDependency section */
		D9EA8C35187B1955008031B5 /* PBXTargetDependency */ = {
			isa = PBXTargetDependency;
			target = D9EA8C0A187B1954008031B5 /* MCDemo */;
			targetProxy = D9EA8C34187B1955008031B5 /* PBXContainerItemProxy */;
		};
/* End PBXTargetDependency section */

/* Begin PBXVariantGroup section */
		D9EA8C17187B1954008031B5 /* InfoPlist.strings */ = {
			isa = PBXVariantGroup;
			children = (
				D9EA8C18187B1954008031B5 /* en */,
			);
			name = InfoPlist.strings;
			sourceTree = "<group>";
		};
		D9EA8C20187B1954008031B5 /* Main.storyboard */ = {
			isa = PBXVariantGroup;
			children = (
				D9EA8C21187B1954008031B5 /* Base */,
			);
			name = Main.storyboard;
			sourceTree = "<group>";
		};
		D9EA8C39187B1955008031B5 /* InfoPlist.strings */ = {
			isa = PBXVariantGroup;
			children = (
				D9EA8C3A187B1955008031B5 /* en */,
			);
			name = InfoPlist.strings;
			sourceTree = "<group>";
		};
/* End PBXVariantGroup section */

/* Begin XCBuildConfiguration section */
		D9EA8C3E187B1955008031B5 /* Debug */ = {
			isa = XCBuildConfiguration;
			buildSettings = {
				ALWAYS_SEARCH_USER_PATHS = NO;
				ARCHS = "$(ARCHS_STANDARD_INCLUDING_64_BIT)";
				CLANG_CXX_LANGUAGE_STANDARD = "gnu++0x";
				CLANG_CXX_LIBRARY = "libc++";
				CLANG_ENABLE_MODULES = YES;
				CLANG_ENABLE_OBJC_ARC = YES;
				CLANG_WARN_BOOL_CONVERSION = YES;
				CLANG_WARN_CONSTANT_CONVERSION = YES;
				CLANG_WARN_DIRECT_OBJC_ISA_USAGE = YES_ERROR;
				CLANG_WARN_EMPTY_BODY = YES;
				CLANG_WARN_ENUM_CONVERSION = YES;
				CLANG_WARN_INT_CONVERSION = YES;
				CLANG_WARN_OBJC_ROOT_CLASS = YES_ERROR;
				CLANG_WARN__DUPLICATE_METHOD_MATCH = YES;
				"CODE_SIGN_IDENTITY[sdk=iphoneos*]" = "iPhone Developer";
				COPY_PHASE_STRIP = NO;
				GCC_C_LANGUAGE_STANDARD = gnu99;
				GCC_DYNAMIC_NO_PIC = NO;
				GCC_OPTIMIZATION_LEVEL = 0;
				GCC_PREPROCESSOR_DEFINITIONS = (
					"DEBUG=1",
					"$(inherited)",
				);
				GCC_SYMBOLS_PRIVATE_EXTERN = NO;
				GCC_WARN_64_TO_32_BIT_CONVERSION = YES;
				GCC_WARN_ABOUT_RETURN_TYPE = YES_ERROR;
				GCC_WARN_UNDECLARED_SELECTOR = YES;
				GCC_WARN_UNINITIALIZED_AUTOS = YES;
				GCC_WARN_UNUSED_FUNCTION = YES;
				GCC_WARN_UNUSED_VARIABLE = YES;
				IPHONEOS_DEPLOYMENT_TARGET = 7.0;
				ONLY_ACTIVE_ARCH = YES;
				SDKROOT = iphoneos;
			};
			name = Debug;
		};
		D9EA8C3F187B1955008031B5 /* Release */ = {
			isa = XCBuildConfiguration;
			buildSettings = {
				ALWAYS_SEARCH_USER_PATHS = NO;
				ARCHS = "$(ARCHS_STANDARD_INCLUDING_64_BIT)";
				CLANG_CXX_LANGUAGE_STANDARD = "gnu++0x";
				CLANG_CXX_LIBRARY = "libc++";
				CLANG_ENABLE_MODULES = YES;
				CLANG_ENABLE_OBJC_ARC = YES;
				CLANG_WARN_BOOL_CONVERSION = YES;
				CLANG_WARN_CONSTANT_CONVERSION = YES;
				CLANG_WARN_DIRECT_OBJC_ISA_USAGE = YES_ERROR;
				CLANG_WARN_EMPTY_BODY = YES;
				CLANG_WARN_ENUM_CONVERSION = YES;
				CLANG_WARN_INT_CONVERSION = YES;
				CLANG_WARN_OBJC_ROOT_CLASS = YES_ERROR;
				CLANG_WARN__DUPLICATE_METHOD_MATCH = YES;
				"CODE_SIGN_IDENTITY[sdk=iphoneos*]" = "iPhone Developer";
				COPY_PHASE_STRIP = YES;
				ENABLE_NS_ASSERTIONS = NO;
				GCC_C_LANGUAGE_STANDARD = gnu99;
				GCC_WARN_64_TO_32_BIT_CONVERSION = YES;
				GCC_WARN_ABOUT_RETURN_TYPE = YES_ERROR;
				GCC_WARN_UNDECLARED_SELECTOR = YES;
				GCC_WARN_UNINITIALIZED_AUTOS = YES;
				GCC_WARN_UNUSED_FUNCTION = YES;
				GCC_WARN_UNUSED_VARIABLE = YES;
				IPHONEOS_DEPLOYMENT_TARGET = 7.0;
				SDKROOT = iphoneos;
				VALIDATE_PRODUCT = YES;
			};
			name = Release;
		};
		D9EA8C41187B1955008031B5 /* Debug */ = {
			isa = XCBuildConfiguration;
			buildSettings = {
				ASSETCATALOG_COMPILER_APPICON_NAME = AppIcon;
				ASSETCATALOG_COMPILER_LAUNCHIMAGE_NAME = LaunchImage;
				GCC_PRECOMPILE_PREFIX_HEADER = YES;
				GCC_PREFIX_HEADER = "MCDemo/MCDemo-Prefix.pch";
				INFOPLIST_FILE = "MCDemo/MCDemo-Info.plist";
				PRODUCT_NAME = "$(TARGET_NAME)";
				WRAPPER_EXTENSION = app;
			};
			name = Debug;
		};
		D9EA8C42187B1955008031B5 /* Release */ = {
			isa = XCBuildConfiguration;
			buildSettings = {
				ASSETCATALOG_COMPILER_APPICON_NAME = AppIcon;
				ASSETCATALOG_COMPILER_LAUNCHIMAGE_NAME = LaunchImage;
				GCC_PRECOMPILE_PREFIX_HEADER = YES;
				GCC_PREFIX_HEADER = "MCDemo/MCDemo-Prefix.pch";
				INFOPLIST_FILE = "MCDemo/MCDemo-Info.plist";
				PRODUCT_NAME = "$(TARGET_NAME)";
				WRAPPER_EXTENSION = app;
			};
			name = Release;
		};
		D9EA8C44187B1955008031B5 /* Debug */ = {
			isa = XCBuildConfiguration;
			buildSettings = {
				ARCHS = "$(ARCHS_STANDARD_INCLUDING_64_BIT)";
				BUNDLE_LOADER = "$(BUILT_PRODUCTS_DIR)/MCDemo.app/MCDemo";
				FRAMEWORK_SEARCH_PATHS = (
					"$(SDKROOT)/Developer/Library/Frameworks",
					"$(inherited)",
					"$(DEVELOPER_FRAMEWORKS_DIR)",
				);
				GCC_PRECOMPILE_PREFIX_HEADER = YES;
				GCC_PREFIX_HEADER = "MCDemo/MCDemo-Prefix.pch";
				GCC_PREPROCESSOR_DEFINITIONS = (
					"DEBUG=1",
					"$(inherited)",
				);
				INFOPLIST_FILE = "MCDemoTests/MCDemoTests-Info.plist";
				PRODUCT_NAME = "$(TARGET_NAME)";
				TEST_HOST = "$(BUNDLE_LOADER)";
				WRAPPER_EXTENSION = xctest;
			};
			name = Debug;
		};
		D9EA8C45187B1955008031B5 /* Release */ = {
			isa = XCBuildConfiguration;
			buildSettings = {
				ARCHS = "$(ARCHS_STANDARD_INCLUDING_64_BIT)";
				BUNDLE_LOADER = "$(BUILT_PRODUCTS_DIR)/MCDemo.app/MCDemo";
				FRAMEWORK_SEARCH_PATHS = (
					"$(SDKROOT)/Developer/Library/Frameworks",
					"$(inherited)",
					"$(DEVELOPER_FRAMEWORKS_DIR)",
				);
				GCC_PRECOMPILE_PREFIX_HEADER = YES;
				GCC_PREFIX_HEADER = "MCDemo/MCDemo-Prefix.pch";
				INFOPLIST_FILE = "MCDemoTests/MCDemoTests-Info.plist";
				PRODUCT_NAME = "$(TARGET_NAME)";
				TEST_HOST = "$(BUNDLE_LOADER)";
				WRAPPER_EXTENSION = xctest;
			};
			name = Release;
		};
/* End XCBuildConfiguration section */

/* Begin XCConfigurationList section */
		D9EA8C06187B1954008031B5 /* Build configuration list for PBXProject "MCDemo" */ = {
			isa = XCConfigurationList;
			buildConfigurations = (
				D9EA8C3E187B1955008031B5 /* Debug */,
				D9EA8C3F187B1955008031B5 /* Release */,
			);
			defaultConfigurationIsVisible = 0;
			defaultConfigurationName = Release;
		};
		D9EA8C40187B1955008031B5 /* Build configuration list for PBXNativeTarget "MCDemo" */ = {
			isa = XCConfigurationList;
			buildConfigurations = (
				D9EA8C41187B1955008031B5 /* Debug */,
				D9EA8C42187B1955008031B5 /* Release */,
			);
			defaultConfigurationIsVisible = 0;
			defaultConfigurationName = Release;
		};
		D9EA8C43187B1955008031B5 /* Build configuration list for PBXNativeTarget "MCDemoTests" */ = {
			isa = XCConfigurationList;
			buildConfigurations = (
				D9EA8C44187B1955008031B5 /* Debug */,
				D9EA8C45187B1955008031B5 /* Release */,
			);
			defaultConfigurationIsVisible = 0;
			defaultConfigurationName = Release;
		};
/* End XCConfigurationList section */
	};
	rootObject = D9EA8C03187B1954008031B5 /* Project object */;
}
